// !$*UTF8*$!
{
	archiveVersion = 1;
	classes = {
	};
	objectVersion = 46;
	objects = {

/* Begin PBXBuildFile section */
		74041E0319E1C44B00DD06A5 /* EditTableViewController.m in Sources */ = {isa = PBXBuildFile; fileRef = 74041E0219E1C44B00DD06A5 /* EditTableViewController.m */; };
		744E371319EEEC000074232A /* PersonTableViewController.m in Sources */ = {isa = PBXBuildFile; fileRef = 744E371119EEEC000074232A /* PersonTableViewController.m */; };
		744EDE2719DDCA4B00C6F005 /* AboutViewController.m in Sources */ = {isa = PBXBuildFile; fileRef = 744EDE2619DDCA4B00C6F005 /* AboutViewController.m */; };
		744F143219B213D5002F79AC /* Messages.m in Sources */ = {isa = PBXBuildFile; fileRef = 744F143119B213D5002F79AC /* Messages.m */; };
		744F144F19B23300002F79AC /* UIKit.framework in Frameworks */ = {isa = PBXBuildFile; fileRef = 744F144E19B23300002F79AC /* UIKit.framework */; };
		744F145119B23413002F79AC /* Foundation.framework in Frameworks */ = {isa = PBXBuildFile; fileRef = 744F145019B23413002F79AC /* Foundation.framework */; };
		744F145419B2360C002F79AC /* SettingsViewController.m in Sources */ = {isa = PBXBuildFile; fileRef = 744F145319B2360C002F79AC /* SettingsViewController.m */; };
		747474FA19BCE6C100F3F6D1 /* Social.framework in Frameworks */ = {isa = PBXBuildFile; fileRef = 747474F919BCE6C100F3F6D1 /* Social.framework */; };
		747F674419B8CDE100E9728B /* ButtonsTableViewController.m in Sources */ = {isa = PBXBuildFile; fileRef = 747F674319B8CDE100E9728B /* ButtonsTableViewController.m */; };
		747F674719B8DC4A00E9728B /* AddMessageViewController.m in Sources */ = {isa = PBXBuildFile; fileRef = 747F674619B8DC4A00E9728B /* AddMessageViewController.m */; };
		747F675119BA279C00E9728B /* CoreLocation.framework in Frameworks */ = {isa = PBXBuildFile; fileRef = 747F675019BA279C00E9728B /* CoreLocation.framework */; };
		747F675619BA549B00E9728B /* iAd.framework in Frameworks */ = {isa = PBXBuildFile; fileRef = 747F675519BA549B00E9728B /* iAd.framework */; };
		747F675919BB94A100E9728B /* CollectionViewController.m in Sources */ = {isa = PBXBuildFile; fileRef = 747F675819BB94A100E9728B /* CollectionViewController.m */; };
		74A6521819ED26C200E5C959 /* BackgroundViewController.m in Sources */ = {isa = PBXBuildFile; fileRef = 74A6521719ED26C200E5C959 /* BackgroundViewController.m */; };
		74A6521A19ED334100E5C959 /* MessageUI.framework in Frameworks */ = {isa = PBXBuildFile; fileRef = 74A6521919ED334100E5C959 /* MessageUI.framework */; };
		74CBA56E19F1A13800976261 /* BubblelsViewController.m in Sources */ = {isa = PBXBuildFile; fileRef = 74CBA56D19F1A13800976261 /* BubblelsViewController.m */; };
		74CBA57119F1AB8C00976261 /* STBubbleTableViewCell.m in Sources */ = {isa = PBXBuildFile; fileRef = 74CBA57019F1AB8C00976261 /* STBubbleTableViewCell.m */; };
		74D2B23219B20DF3008C9F93 /* main.m in Sources */ = {isa = PBXBuildFile; fileRef = 74D2B23119B20DF3008C9F93 /* main.m */; };
		74D2B23519B20DF3008C9F93 /* AppDelegate.m in Sources */ = {isa = PBXBuildFile; fileRef = 74D2B23419B20DF3008C9F93 /* AppDelegate.m */; };
		74D2B23B19B20DF3008C9F93 /* Main.storyboard in Resources */ = {isa = PBXBuildFile; fileRef = 74D2B23919B20DF3008C9F93 /* Main.storyboard */; };
		74D2B23D19B20DF3008C9F93 /* Images.xcassets in Resources */ = {isa = PBXBuildFile; fileRef = 74D2B23C19B20DF3008C9F93 /* Images.xcassets */; };
		74D2B24919B20DF4008C9F93 /* DontWorry2Tests.m in Sources */ = {isa = PBXBuildFile; fileRef = 74D2B24819B20DF4008C9F93 /* DontWorry2Tests.m */; };
/* End PBXBuildFile section */

/* Begin PBXContainerItemProxy section */
		74D2B24319B20DF4008C9F93 /* PBXContainerItemProxy */ = {
			isa = PBXContainerItemProxy;
			containerPortal = 74D2B22419B20DF3008C9F93 /* Project object */;
			proxyType = 1;
			remoteGlobalIDString = 74D2B22B19B20DF3008C9F93;
			remoteInfo = DontWorry2;
		};
/* End PBXContainerItemProxy section */

/* Begin PBXFileReference section */
		74041E0119E1C44B00DD06A5 /* EditTableViewController.h */ = {isa = PBXFileReference; fileEncoding = 4; lastKnownFileType = sourcecode.c.h; path = EditTableViewController.h; sourceTree = "<group>"; };
		74041E0219E1C44B00DD06A5 /* EditTableViewController.m */ = {isa = PBXFileReference; fileEncoding = 4; lastKnownFileType = sourcecode.c.objc; path = EditTableViewController.m; sourceTree = "<group>"; };
		744E371019EEEC000074232A /* PersonTableViewController.h */ = {isa = PBXFileReference; fileEncoding = 4; lastKnownFileType = sourcecode.c.h; path = PersonTableViewController.h; sourceTree = "<group>"; };
		744E371119EEEC000074232A /* PersonTableViewController.m */ = {isa = PBXFileReference; fileEncoding = 4; lastKnownFileType = sourcecode.c.objc; path = PersonTableViewController.m; sourceTree = "<group>"; };
		744EDE2519DDCA4B00C6F005 /* AboutViewController.h */ = {isa = PBXFileReference; fileEncoding = 4; lastKnownFileType = sourcecode.c.h; path = AboutViewController.h; sourceTree = "<group>"; };
		744EDE2619DDCA4B00C6F005 /* AboutViewController.m */ = {isa = PBXFileReference; fileEncoding = 4; lastKnownFileType = sourcecode.c.objc; path = AboutViewController.m; sourceTree = "<group>"; };
		744F143019B213D5002F79AC /* Messages.h */ = {isa = PBXFileReference; fileEncoding = 4; lastKnownFileType = sourcecode.c.h; path = Messages.h; sourceTree = "<group>"; };
		744F143119B213D5002F79AC /* Messages.m */ = {isa = PBXFileReference; fileEncoding = 4; lastKnownFileType = sourcecode.c.objc; path = Messages.m; sourceTree = "<group>"; };
		744F144E19B23300002F79AC /* UIKit.framework */ = {isa = PBXFileReference; lastKnownFileType = wrapper.framework; name = UIKit.framework; path = System/Library/Frameworks/UIKit.framework; sourceTree = SDKROOT; };
		744F145019B23413002F79AC /* Foundation.framework */ = {isa = PBXFileReference; lastKnownFileType = wrapper.framework; name = Foundation.framework; path = System/Library/Frameworks/Foundation.framework; sourceTree = SDKROOT; };
		744F145219B2360C002F79AC /* SettingsViewController.h */ = {isa = PBXFileReference; fileEncoding = 4; lastKnownFileType = sourcecode.c.h; path = SettingsViewController.h; sourceTree = "<group>"; };
		744F145319B2360C002F79AC /* SettingsViewController.m */ = {isa = PBXFileReference; fileEncoding = 4; lastKnownFileType = sourcecode.c.objc; path = SettingsViewController.m; sourceTree = "<group>"; };
		747474F919BCE6C100F3F6D1 /* Social.framework */ = {isa = PBXFileReference; lastKnownFileType = wrapper.framework; name = Social.framework; path = System/Library/Frameworks/Social.framework; sourceTree = SDKROOT; };
		747F674219B8CDE100E9728B /* ButtonsTableViewController.h */ = {isa = PBXFileReference; fileEncoding = 4; lastKnownFileType = sourcecode.c.h; path = ButtonsTableViewController.h; sourceTree = "<group>"; };
		747F674319B8CDE100E9728B /* ButtonsTableViewController.m */ = {isa = PBXFileReference; fileEncoding = 4; lastKnownFileType = sourcecode.c.objc; path = ButtonsTableViewController.m; sourceTree = "<group>"; };
		747F674519B8DC4A00E9728B /* AddMessageViewController.h */ = {isa = PBXFileReference; fileEncoding = 4; lastKnownFileType = sourcecode.c.h; path = AddMessageViewController.h; sourceTree = "<group>"; };
		747F674619B8DC4A00E9728B /* AddMessageViewController.m */ = {isa = PBXFileReference; fileEncoding = 4; lastKnownFileType = sourcecode.c.objc; path = AddMessageViewController.m; sourceTree = "<group>"; };
		747F675019BA279C00E9728B /* CoreLocation.framework */ = {isa = PBXFileReference; lastKnownFileType = wrapper.framework; name = CoreLocation.framework; path = System/Library/Frameworks/CoreLocation.framework; sourceTree = SDKROOT; };
		747F675519BA549B00E9728B /* iAd.framework */ = {isa = PBXFileReference; lastKnownFileType = wrapper.framework; name = iAd.framework; path = System/Library/Frameworks/iAd.framework; sourceTree = SDKROOT; };
		747F675719BB94A100E9728B /* CollectionViewController.h */ = {isa = PBXFileReference; fileEncoding = 4; lastKnownFileType = sourcecode.c.h; path = CollectionViewController.h; sourceTree = "<group>"; };
		747F675819BB94A100E9728B /* CollectionViewController.m */ = {isa = PBXFileReference; fileEncoding = 4; lastKnownFileType = sourcecode.c.objc; path = CollectionViewController.m; sourceTree = "<group>"; };
		74A6521619ED26C200E5C959 /* BackgroundViewController.h */ = {isa = PBXFileReference; fileEncoding = 4; lastKnownFileType = sourcecode.c.h; path = BackgroundViewController.h; sourceTree = "<group>"; };
		74A6521719ED26C200E5C959 /* BackgroundViewController.m */ = {isa = PBXFileReference; fileEncoding = 4; lastKnownFileType = sourcecode.c.objc; path = BackgroundViewController.m; sourceTree = "<group>"; };
		74A6521919ED334100E5C959 /* MessageUI.framework */ = {isa = PBXFileReference; lastKnownFileType = wrapper.framework; name = MessageUI.framework; path = System/Library/Frameworks/MessageUI.framework; sourceTree = SDKROOT; };
		74CBA56C19F1A13800976261 /* BubblelsViewController.h */ = {isa = PBXFileReference; fileEncoding = 4; lastKnownFileType = sourcecode.c.h; path = BubblelsViewController.h; sourceTree = "<group>"; };
		74CBA56D19F1A13800976261 /* BubblelsViewController.m */ = {isa = PBXFileReference; fileEncoding = 4; lastKnownFileType = sourcecode.c.objc; path = BubblelsViewController.m; sourceTree = "<group>"; };
		74CBA56F19F1AB8C00976261 /* STBubbleTableViewCell.h */ = {isa = PBXFileReference; fileEncoding = 4; lastKnownFileType = sourcecode.c.h; path = STBubbleTableViewCell.h; sourceTree = "<group>"; };
		74CBA57019F1AB8C00976261 /* STBubbleTableViewCell.m */ = {isa = PBXFileReference; fileEncoding = 4; lastKnownFileType = sourcecode.c.objc; path = STBubbleTableViewCell.m; sourceTree = "<group>"; };
		74D2B22C19B20DF3008C9F93 /* DontWorry2.app */ = {isa = PBXFileReference; explicitFileType = wrapper.application; includeInIndex = 0; path = DontWorry2.app; sourceTree = BUILT_PRODUCTS_DIR; };
		74D2B23019B20DF3008C9F93 /* Info.plist */ = {isa = PBXFileReference; lastKnownFileType = text.plist.xml; path = Info.plist; sourceTree = "<group>"; };
		74D2B23119B20DF3008C9F93 /* main.m */ = {isa = PBXFileReference; lastKnownFileType = sourcecode.c.objc; path = main.m; sourceTree = "<group>"; };
		74D2B23319B20DF3008C9F93 /* AppDelegate.h */ = {isa = PBXFileReference; lastKnownFileType = sourcecode.c.h; path = AppDelegate.h; sourceTree = "<group>"; };
		74D2B23419B20DF3008C9F93 /* AppDelegate.m */ = {isa = PBXFileReference; lastKnownFileType = sourcecode.c.objc; path = AppDelegate.m; sourceTree = "<group>"; };
		74D2B23C19B20DF3008C9F93 /* Images.xcassets */ = {isa = PBXFileReference; lastKnownFileType = folder.assetcatalog; path = Images.xcassets; sourceTree = "<group>"; };
		74D2B24219B20DF4008C9F93 /* DontWorry2Tests.xctest */ = {isa = PBXFileReference; explicitFileType = wrapper.cfbundle; includeInIndex = 0; path = DontWorry2Tests.xctest; sourceTree = BUILT_PRODUCTS_DIR; };
		74D2B24719B20DF4008C9F93 /* Info.plist */ = {isa = PBXFileReference; lastKnownFileType = text.plist.xml; path = Info.plist; sourceTree = "<group>"; };
		74D2B24819B20DF4008C9F93 /* DontWorry2Tests.m */ = {isa = PBXFileReference; lastKnownFileType = sourcecode.c.objc; path = DontWorry2Tests.m; sourceTree = "<group>"; };
		74F271FB19EE51BC000E8450 /* en */ = {isa = PBXFileReference; lastKnownFileType = file.storyboard; name = en; path = en.lproj/Main.storyboard; sourceTree = "<group>"; };
/* End PBXFileReference section */

/* Begin PBXFrameworksBuildPhase section */
		74D2B22919B20DF3008C9F93 /* Frameworks */ = {
			isa = PBXFrameworksBuildPhase;
			buildActionMask = 2147483647;
			files = (
				74A6521A19ED334100E5C959 /* MessageUI.framework in Frameworks */,
				747474FA19BCE6C100F3F6D1 /* Social.framework in Frameworks */,
				747F675619BA549B00E9728B /* iAd.framework in Frameworks */,
				747F675119BA279C00E9728B /* CoreLocation.framework in Frameworks */,
				744F145119B23413002F79AC /* Foundation.framework in Frameworks */,
				744F144F19B23300002F79AC /* UIKit.framework in Frameworks */,
			);
			runOnlyForDeploymentPostprocessing = 0;
		};
		74D2B23F19B20DF4008C9F93 /* Frameworks */ = {
			isa = PBXFrameworksBuildPhase;
			buildActionMask = 2147483647;
			files = (
			);
			runOnlyForDeploymentPostprocessing = 0;
		};
/* End PBXFrameworksBuildPhase section */

/* Begin PBXGroup section */
		744F143919B217C5002F79AC /* Model */ = {
			isa = PBXGroup;
			children = (
				74CBA56F19F1AB8C00976261 /* STBubbleTableViewCell.h */,
				74CBA57019F1AB8C00976261 /* STBubbleTableViewCell.m */,
				744F143019B213D5002F79AC /* Messages.h */,
				744F143119B213D5002F79AC /* Messages.m */,
			);
			name = Model;
			sourceTree = "<group>";
		};
		744F143A19B2279D002F79AC /* Transmition */ = {
			isa = PBXGroup;
			children = (
			);
			name = Transmition;
			sourceTree = "<group>";
		};
		74D2B22319B20DF3008C9F93 = {
			isa = PBXGroup;
			children = (
				74A6521919ED334100E5C959 /* MessageUI.framework */,
				747474F919BCE6C100F3F6D1 /* Social.framework */,
				747F675519BA549B00E9728B /* iAd.framework */,
				747F675019BA279C00E9728B /* CoreLocation.framework */,
				744F145019B23413002F79AC /* Foundation.framework */,
				744F144E19B23300002F79AC /* UIKit.framework */,
				74D2B22E19B20DF3008C9F93 /* DontWorry2 */,
				74D2B24519B20DF4008C9F93 /* DontWorry2Tests */,
				74D2B22D19B20DF3008C9F93 /* Products */,
			);
			sourceTree = "<group>";
		};
		74D2B22D19B20DF3008C9F93 /* Products */ = {
			isa = PBXGroup;
			children = (
				74D2B22C19B20DF3008C9F93 /* DontWorry2.app */,
				74D2B24219B20DF4008C9F93 /* DontWorry2Tests.xctest */,
			);
			name = Products;
			sourceTree = "<group>";
		};
		74D2B22E19B20DF3008C9F93 /* DontWorry2 */ = {
			isa = PBXGroup;
			children = (
				744F143A19B2279D002F79AC /* Transmition */,
				744F143919B217C5002F79AC /* Model */,
				74D2B23C19B20DF3008C9F93 /* Images.xcassets */,
				74D2B23919B20DF3008C9F93 /* Main.storyboard */,
				74CBA56C19F1A13800976261 /* BubblelsViewController.h */,
				74CBA56D19F1A13800976261 /* BubblelsViewController.m */,
				744E371019EEEC000074232A /* PersonTableViewController.h */,
				744E371119EEEC000074232A /* PersonTableViewController.m */,
				74A6521619ED26C200E5C959 /* BackgroundViewController.h */,
				74A6521719ED26C200E5C959 /* BackgroundViewController.m */,
				744EDE2519DDCA4B00C6F005 /* AboutViewController.h */,
				744EDE2619DDCA4B00C6F005 /* AboutViewController.m */,
				747F675719BB94A100E9728B /* CollectionViewController.h */,
				747F675819BB94A100E9728B /* CollectionViewController.m */,
				744F145219B2360C002F79AC /* SettingsViewController.h */,
				744F145319B2360C002F79AC /* SettingsViewController.m */,
				747F674219B8CDE100E9728B /* ButtonsTableViewController.h */,
				747F674319B8CDE100E9728B /* ButtonsTableViewController.m */,
				74041E0119E1C44B00DD06A5 /* EditTableViewController.h */,
				74041E0219E1C44B00DD06A5 /* EditTableViewController.m */,
				747F674519B8DC4A00E9728B /* AddMessageViewController.h */,
				747F674619B8DC4A00E9728B /* AddMessageViewController.m */,
				74D2B22F19B20DF3008C9F93 /* Supporting Files */,
			);
			path = DontWorry2;
			sourceTree = "<group>";
		};
		74D2B22F19B20DF3008C9F93 /* Supporting Files */ = {
			isa = PBXGroup;
			children = (
				74D2B23319B20DF3008C9F93 /* AppDelegate.h */,
				74D2B23419B20DF3008C9F93 /* AppDelegate.m */,
				74D2B23019B20DF3008C9F93 /* Info.plist */,
				74D2B23119B20DF3008C9F93 /* main.m */,
			);
			name = "Supporting Files";
			sourceTree = "<group>";
		};
		74D2B24519B20DF4008C9F93 /* DontWorry2Tests */ = {
			isa = PBXGroup;
			children = (
				74D2B24819B20DF4008C9F93 /* DontWorry2Tests.m */,
				74D2B24619B20DF4008C9F93 /* Supporting Files */,
			);
			path = DontWorry2Tests;
			sourceTree = "<group>";
		};
		74D2B24619B20DF4008C9F93 /* Supporting Files */ = {
			isa = PBXGroup;
			children = (
				74D2B24719B20DF4008C9F93 /* Info.plist */,
			);
			name = "Supporting Files";
			sourceTree = "<group>";
		};
/* End PBXGroup section */

/* Begin PBXNativeTarget section */
		74D2B22B19B20DF3008C9F93 /* DontWorry2 */ = {
			isa = PBXNativeTarget;
			buildConfigurationList = 74D2B24C19B20DF4008C9F93 /* Build configuration list for PBXNativeTarget "DontWorry2" */;
			buildPhases = (
				74D2B22819B20DF3008C9F93 /* Sources */,
				74D2B22919B20DF3008C9F93 /* Frameworks */,
				74D2B22A19B20DF3008C9F93 /* Resources */,
			);
			buildRules = (
			);
			dependencies = (
			);
			name = DontWorry2;
			productName = DontWorry2;
			productReference = 74D2B22C19B20DF3008C9F93 /* DontWorry2.app */;
			productType = "com.apple.product-type.application";
		};
		74D2B24119B20DF4008C9F93 /* DontWorry2Tests */ = {
			isa = PBXNativeTarget;
			buildConfigurationList = 74D2B24F19B20DF4008C9F93 /* Build configuration list for PBXNativeTarget "DontWorry2Tests" */;
			buildPhases = (
				74D2B23E19B20DF4008C9F93 /* Sources */,
				74D2B23F19B20DF4008C9F93 /* Frameworks */,
				74D2B24019B20DF4008C9F93 /* Resources */,
			);
			buildRules = (
			);
			dependencies = (
				74D2B24419B20DF4008C9F93 /* PBXTargetDependency */,
			);
			name = DontWorry2Tests;
			productName = DontWorry2Tests;
			productReference = 74D2B24219B20DF4008C9F93 /* DontWorry2Tests.xctest */;
			productType = "com.apple.product-type.bundle.unit-test";
		};
/* End PBXNativeTarget section */

/* Begin PBXProject section */
		74D2B22419B20DF3008C9F93 /* Project object */ = {
			isa = PBXProject;
			attributes = {
				LastUpgradeCheck = 0600;
				ORGANIZATIONNAME = "Liroy Machluf";
				TargetAttributes = {
					74D2B22B19B20DF3008C9F93 = {
						CreatedOnToolsVersion = 6.0;
						DevelopmentTeam = N6T38CK9C4;
					};
					74D2B24119B20DF4008C9F93 = {
						CreatedOnToolsVersion = 6.0;
						TestTargetID = 74D2B22B19B20DF3008C9F93;
					};
				};
			};
			buildConfigurationList = 74D2B22719B20DF3008C9F93 /* Build configuration list for PBXProject "DontWorry2" */;
			compatibilityVersion = "Xcode 3.2";
			developmentRegion = English;
			hasScannedForEncodings = 0;
			knownRegions = (
				en,
				Base,
			);
			mainGroup = 74D2B22319B20DF3008C9F93;
			productRefGroup = 74D2B22D19B20DF3008C9F93 /* Products */;
			projectDirPath = "";
			projectRoot = "";
			targets = (
				74D2B22B19B20DF3008C9F93 /* DontWorry2 */,
				74D2B24119B20DF4008C9F93 /* DontWorry2Tests */,
			);
		};
/* End PBXProject section */

/* Begin PBXResourcesBuildPhase section */
		74D2B22A19B20DF3008C9F93 /* Resources */ = {
			isa = PBXResourcesBuildPhase;
			buildActionMask = 2147483647;
			files = (
				74D2B23B19B20DF3008C9F93 /* Main.storyboard in Resources */,
				74D2B23D19B20DF3008C9F93 /* Images.xcassets in Resources */,
			);
			runOnlyForDeploymentPostprocessing = 0;
		};
		74D2B24019B20DF4008C9F93 /* Resources */ = {
			isa = PBXResourcesBuildPhase;
			buildActionMask = 2147483647;
			files = (
			);
			runOnlyForDeploymentPostprocessing = 0;
		};
/* End PBXResourcesBuildPhase section */

/* Begin PBXSourcesBuildPhase section */
		74D2B22819B20DF3008C9F93 /* Sources */ = {
			isa = PBXSourcesBuildPhase;
			buildActionMask = 2147483647;
			files = (
				744F143219B213D5002F79AC /* Messages.m in Sources */,
				74CBA56E19F1A13800976261 /* BubblelsViewController.m in Sources */,
				74D2B23519B20DF3008C9F93 /* AppDelegate.m in Sources */,
				74A6521819ED26C200E5C959 /* BackgroundViewController.m in Sources */,
				744E371319EEEC000074232A /* PersonTableViewController.m in Sources */,
				744F145419B2360C002F79AC /* SettingsViewController.m in Sources */,
				74D2B23219B20DF3008C9F93 /* main.m in Sources */,
				747F674719B8DC4A00E9728B /* AddMessageViewController.m in Sources */,
				747F674419B8CDE100E9728B /* ButtonsTableViewController.m in Sources */,
				744EDE2719DDCA4B00C6F005 /* AboutViewController.m in Sources */,
				74CBA57119F1AB8C00976261 /* STBubbleTableViewCell.m in Sources */,
				747F675919BB94A100E9728B /* CollectionViewController.m in Sources */,
				74041E0319E1C44B00DD06A5 /* EditTableViewController.m in Sources */,
			);
			runOnlyForDeploymentPostprocessing = 0;
		};
		74D2B23E19B20DF4008C9F93 /* Sources */ = {
			isa = PBXSourcesBuildPhase;
			buildActionMask = 2147483647;
			files = (
				74D2B24919B20DF4008C9F93 /* DontWorry2Tests.m in Sources */,
			);
			runOnlyForDeploymentPostprocessing = 0;
		};
/* End PBXSourcesBuildPhase section */

/* Begin PBXTargetDependency section */
		74D2B24419B20DF4008C9F93 /* PBXTargetDependency */ = {
			isa = PBXTargetDependency;
			target = 74D2B22B19B20DF3008C9F93 /* DontWorry2 */;
			targetProxy = 74D2B24319B20DF4008C9F93 /* PBXContainerItemProxy */;
		};
/* End PBXTargetDependency section */

/* Begin PBXVariantGroup section */
		74D2B23919B20DF3008C9F93 /* Main.storyboard */ = {
			isa = PBXVariantGroup;
			children = (
				74F271FB19EE51BC000E8450 /* en */,
			);
			name = Main.storyboard;
			sourceTree = "<group>";
		};
/* End PBXVariantGroup section */

/* Begin XCBuildConfiguration section */
		74D2B24A19B20DF4008C9F93 /* Debug */ = {
			isa = XCBuildConfiguration;
			buildSettings = {
				ALWAYS_SEARCH_USER_PATHS = NO;
				CLANG_CXX_LANGUAGE_STANDARD = "gnu++0x";
				CLANG_CXX_LIBRARY = "libc++";
				CLANG_ENABLE_MODULES = YES;
				CLANG_ENABLE_OBJC_ARC = YES;
				CLANG_WARN_BOOL_CONVERSION = YES;
				CLANG_WARN_CONSTANT_CONVERSION = YES;
				CLANG_WARN_DIRECT_OBJC_ISA_USAGE = YES_ERROR;
				CLANG_WARN_EMPTY_BODY = YES;
				CLANG_WARN_ENUM_CONVERSION = YES;
				CLANG_WARN_INT_CONVERSION = YES;
				CLANG_WARN_OBJC_ROOT_CLASS = YES_ERROR;
				CLANG_WARN_UNREACHABLE_CODE = YES;
				CLANG_WARN__DUPLICATE_METHOD_MATCH = YES;
				"CODE_SIGN_IDENTITY[sdk=iphoneos*]" = "iPhone Developer";
				COPY_PHASE_STRIP = NO;
				ENABLE_STRICT_OBJC_MSGSEND = YES;
				GCC_C_LANGUAGE_STANDARD = gnu99;
				GCC_DYNAMIC_NO_PIC = NO;
				GCC_OPTIMIZATION_LEVEL = 0;
				GCC_PREPROCESSOR_DEFINITIONS = (
					"DEBUG=1",
					"$(inherited)",
				);
				GCC_SYMBOLS_PRIVATE_EXTERN = NO;
				GCC_WARN_64_TO_32_BIT_CONVERSION = YES;
				GCC_WARN_ABOUT_RETURN_TYPE = YES_ERROR;
				GCC_WARN_UNDECLARED_SELECTOR = YES;
				GCC_WARN_UNINITIALIZED_AUTOS = YES_AGGRESSIVE;
				GCC_WARN_UNUSED_FUNCTION = YES;
				GCC_WARN_UNUSED_VARIABLE = YES;
				IPHONEOS_DEPLOYMENT_TARGET = 8.0;
				MTL_ENABLE_DEBUG_INFO = YES;
				ONLY_ACTIVE_ARCH = YES;
				SDKROOT = iphoneos;
			};
			name = Debug;
		};
		74D2B24B19B20DF4008C9F93 /* Release */ = {
			isa = XCBuildConfiguration;
			buildSettings = {
				ALWAYS_SEARCH_USER_PATHS = NO;
				CLANG_CXX_LANGUAGE_STANDARD = "gnu++0x";
				CLANG_CXX_LIBRARY = "libc++";
				CLANG_ENABLE_MODULES = YES;
				CLANG_ENABLE_OBJC_ARC = YES;
				CLANG_WARN_BOOL_CONVERSION = YES;
				CLANG_WARN_CONSTANT_CONVERSION = YES;
				CLANG_WARN_DIRECT_OBJC_ISA_USAGE = YES_ERROR;
				CLANG_WARN_EMPTY_BODY = YES;
				CLANG_WARN_ENUM_CONVERSION = YES;
				CLANG_WARN_INT_CONVERSION = YES;
				CLANG_WARN_OBJC_ROOT_CLASS = YES_ERROR;
				CLANG_WARN_UNREACHABLE_CODE = YES;
				CLANG_WARN__DUPLICATE_METHOD_MATCH = YES;
				"CODE_SIGN_IDENTITY[sdk=iphoneos*]" = "iPhone Developer";
				COPY_PHASE_STRIP = YES;
				ENABLE_NS_ASSERTIONS = NO;
				ENABLE_STRICT_OBJC_MSGSEND = YES;
				GCC_C_LANGUAGE_STANDARD = gnu99;
				GCC_WARN_64_TO_32_BIT_CONVERSION = YES;
				GCC_WARN_ABOUT_RETURN_TYPE = YES_ERROR;
				GCC_WARN_UNDECLARED_SELECTOR = YES;
				GCC_WARN_UNINITIALIZED_AUTOS = YES_AGGRESSIVE;
				GCC_WARN_UNUSED_FUNCTION = YES;
				GCC_WARN_UNUSED_VARIABLE = YES;
				IPHONEOS_DEPLOYMENT_TARGET = 8.0;
				MTL_ENABLE_DEBUG_INFO = NO;
				SDKROOT = iphoneos;
				VALIDATE_PRODUCT = YES;
			};
			name = Release;
		};
		74D2B24D19B20DF4008C9F93 /* Debug */ = {
			isa = XCBuildConfiguration;
			buildSettings = {
				ASSETCATALOG_COMPILER_APPICON_NAME = AppIcon;
				ASSETCATALOG_COMPILER_LAUNCHIMAGE_NAME = LaunchImage;
				CODE_SIGN_IDENTITY = "iPhone Developer";
				"CODE_SIGN_IDENTITY[sdk=iphoneos*]" = "iPhone Developer";
				INFOPLIST_FILE = DontWorry2/Info.plist;
				IPHONEOS_DEPLOYMENT_TARGET = 7.1;
				LD_RUNPATH_SEARCH_PATHS = "$(inherited) @executable_path/Frameworks";
				PRODUCT_NAME = "$(TARGET_NAME)";
				PROVISIONING_PROFILE = "";
			};
			name = Debug;
		};
		74D2B24E19B20DF4008C9F93 /* Release */ = {
			isa = XCBuildConfiguration;
			buildSettings = {
				ASSETCATALOG_COMPILER_APPICON_NAME = AppIcon;
				ASSETCATALOG_COMPILER_LAUNCHIMAGE_NAME = LaunchImage;
				CODE_SIGN_IDENTITY = "iPhone Developer";
				"CODE_SIGN_IDENTITY[sdk=iphoneos*]" = "iPhone Developer";
				INFOPLIST_FILE = DontWorry2/Info.plist;
				IPHONEOS_DEPLOYMENT_TARGET = 7.1;
				LD_RUNPATH_SEARCH_PATHS = "$(inherited) @executable_path/Frameworks";
				PRODUCT_NAME = "$(TARGET_NAME)";
				PROVISIONING_PROFILE = "";
			};
			name = Release;
		};
		74D2B25019B20DF4008C9F93 /* Debug */ = {
			isa = XCBuildConfiguration;
			buildSettings = {
				BUNDLE_LOADER = "$(TEST_HOST)";
				FRAMEWORK_SEARCH_PATHS = (
					"$(SDKROOT)/Developer/Library/Frameworks",
					"$(inherited)",
				);
				GCC_PREPROCESSOR_DEFINITIONS = (
					"DEBUG=1",
					"$(inherited)",
				);
				INFOPLIST_FILE = DontWorry2Tests/Info.plist;
				IPHONEOS_DEPLOYMENT_TARGET = 7.1;
				LD_RUNPATH_SEARCH_PATHS = "$(inherited) @executable_path/Frameworks @loader_path/Frameworks";
				PRODUCT_NAME = "$(TARGET_NAME)";
				TEST_HOST = "$(BUILT_PRODUCTS_DIR)/DontWorry2.app/DontWorry2";
			};
			name = Debug;
		};
		74D2B25119B20DF4008C9F93 /* Release */ = {
			isa = XCBuildConfiguration;
			buildSettings = {
				BUNDLE_LOADER = "$(TEST_HOST)";
				FRAMEWORK_SEARCH_PATHS = (
					"$(SDKROOT)/Developer/Library/Frameworks",
					"$(inherited)",
				);
				INFOPLIST_FILE = DontWorry2Tests/Info.plist;
				IPHONEOS_DEPLOYMENT_TARGET = 7.1;
				LD_RUNPATH_SEARCH_PATHS = "$(inherited) @executable_path/Frameworks @loader_path/Frameworks";
				PRODUCT_NAME = "$(TARGET_NAME)";
				TEST_HOST = "$(BUILT_PRODUCTS_DIR)/DontWorry2.app/DontWorry2";
			};
			name = Release;
		};
/* End XCBuildConfiguration section */

/* Begin XCConfigurationList section */
		74D2B22719B20DF3008C9F93 /* Build configuration list for PBXProject "DontWorry2" */ = {
			isa = XCConfigurationList;
			buildConfigurations = (
				74D2B24A19B20DF4008C9F93 /* Debug */,
				74D2B24B19B20DF4008C9F93 /* Release */,
			);
			defaultConfigurationIsVisible = 0;
			defaultConfigurationName = Release;
		};
		74D2B24C19B20DF4008C9F93 /* Build configuration list for PBXNativeTarget "DontWorry2" */ = {
			isa = XCConfigurationList;
			buildConfigurations = (
				74D2B24D19B20DF4008C9F93 /* Debug */,
				74D2B24E19B20DF4008C9F93 /* Release */,
			);
			defaultConfigurationIsVisible = 0;
			defaultConfigurationName = Release;
		};
		74D2B24F19B20DF4008C9F93 /* Build configuration list for PBXNativeTarget "DontWorry2Tests" */ = {
			isa = XCConfigurationList;
			buildConfigurations = (
				74D2B25019B20DF4008C9F93 /* Debug */,
				74D2B25119B20DF4008C9F93 /* Release */,
			);
			defaultConfigurationIsVisible = 0;
			defaultConfigurationName = Release;
		};
/* End XCConfigurationList section */
	};
	rootObject = 74D2B22419B20DF3008C9F93 /* Project object */;
}
